
Microsoft Visual Studio Solution File, Format Version 12.00
Project("{FAE04EC0-301F-11D3-BF4B-00C04F79EFBC}") = "TKOfficial", "TKOfficial\TKOfficial.csproj", "{37CDE889-25E5-4E82-863B-700458C41FA3}"
EndProject
Project("{FAE04EC0-301F-11D3-BF4B-00C04F79EFBC}") = "RplaceServer", "RplaceServer\RplaceServer.csproj", "{5A0FA12A-D834-49CF-8338-53A082858508}"
EndProject
Project("{FAE04EC0-301F-11D3-BF4B-00C04F79EFBC}") = "WatsonWebsocket", "WatsonWebsocketPlus\src\WatsonWebsocket\WatsonWebsocket.csproj", "{36967963-2B16-47C2-B825-BB77EB055547}"
EndProject
Project("{FAE04EC0-301F-11D3-BF4B-00C04F79EFBC}") = "HTTPOfficial", "HTTPOfficial\HTTPOfficial.csproj", "{218FF6C4-4F61-4BF9-8585-0E8FA2536F8D}"
EndProject
Project("{FAE04EC0-301F-11D3-BF4B-00C04F79EFBC}") = "WorkerOfficial", "WorkerOfficial\WorkerOfficial.csproj", "{7B6ACCD9-2AF5-4D94-8297-D052C5879CDD}"
EndProject
Project("{FAE04EC0-301F-11D3-BF4B-00C04F79EFBC}") = "DataProto", "DataProto\DataProto\DataProto.csproj", "{BA323DA4-6F2F-4B43-B170-5DD42BD3F5F6}"
EndProject
Project("{FAE04EC0-301F-11D3-BF4B-00C04F79EFBC}") = "ZCaptcha", "ZCaptcha\ZCaptcha.csproj", "{E9C240CE-0698-4052-9507-31BD0586BC37}"
EndProject
Project("{FAE04EC0-301F-11D3-BF4B-00C04F79EFBC}") = "CensorCore", "CensorCore\src\CensorCore\CensorCore.csproj", "{3B7315A5-D763-41FD-92E5-4A1CDC44780A}"
EndProject
Global
	GlobalSection(SolutionConfigurationPlatforms) = preSolution
		Debug|Any CPU = Debug|Any CPU
		Release|Any CPU = Release|Any CPU
	EndGlobalSection
	GlobalSection(ProjectConfigurationPlatforms) = postSolution
		{37CDE889-25E5-4E82-863B-700458C41FA3}.Debug|Any CPU.ActiveCfg = Debug|Any CPU
		{37CDE889-25E5-4E82-863B-700458C41FA3}.Debug|Any CPU.Build.0 = Debug|Any CPU
		{37CDE889-25E5-4E82-863B-700458C41FA3}.Release|Any CPU.ActiveCfg = Release|Any CPU
		{37CDE889-25E5-4E82-863B-700458C41FA3}.Release|Any CPU.Build.0 = Release|Any CPU
		{5A0FA12A-D834-49CF-8338-53A082858508}.Debug|Any CPU.ActiveCfg = Debug|Any CPU
		{5A0FA12A-D834-49CF-8338-53A082858508}.Debug|Any CPU.Build.0 = Debug|Any CPU
		{5A0FA12A-D834-49CF-8338-53A082858508}.Release|Any CPU.ActiveCfg = Release|Any CPU
		{5A0FA12A-D834-49CF-8338-53A082858508}.Release|Any CPU.Build.0 = Release|Any CPU
		{36967963-2B16-47C2-B825-BB77EB055547}.Debug|Any CPU.ActiveCfg = Debug|Any CPU
		{36967963-2B16-47C2-B825-BB77EB055547}.Debug|Any CPU.Build.0 = Debug|Any CPU
		{36967963-2B16-47C2-B825-BB77EB055547}.Release|Any CPU.ActiveCfg = Release|Any CPU
		{36967963-2B16-47C2-B825-BB77EB055547}.Release|Any CPU.Build.0 = Release|Any CPU
		{218FF6C4-4F61-4BF9-8585-0E8FA2536F8D}.Debug|Any CPU.ActiveCfg = Debug|Any CPU
		{218FF6C4-4F61-4BF9-8585-0E8FA2536F8D}.Debug|Any CPU.Build.0 = Debug|Any CPU
		{218FF6C4-4F61-4BF9-8585-0E8FA2536F8D}.Release|Any CPU.ActiveCfg = Release|Any CPU
		{218FF6C4-4F61-4BF9-8585-0E8FA2536F8D}.Release|Any CPU.Build.0 = Release|Any CPU
		{7B6ACCD9-2AF5-4D94-8297-D052C5879CDD}.Debug|Any CPU.ActiveCfg = Debug|Any CPU
		{7B6ACCD9-2AF5-4D94-8297-D052C5879CDD}.Debug|Any CPU.Build.0 = Debug|Any CPU
		{7B6ACCD9-2AF5-4D94-8297-D052C5879CDD}.Release|Any CPU.ActiveCfg = Release|Any CPU
		{7B6ACCD9-2AF5-4D94-8297-D052C5879CDD}.Release|Any CPU.Build.0 = Release|Any CPU
		{BA323DA4-6F2F-4B43-B170-5DD42BD3F5F6}.Debug|Any CPU.ActiveCfg = Debug|Any CPU
		{BA323DA4-6F2F-4B43-B170-5DD42BD3F5F6}.Debug|Any CPU.Build.0 = Debug|Any CPU
		{BA323DA4-6F2F-4B43-B170-5DD42BD3F5F6}.Release|Any CPU.ActiveCfg = Release|Any CPU
		{BA323DA4-6F2F-4B43-B170-5DD42BD3F5F6}.Release|Any CPU.Build.0 = Release|Any CPU
		{E9C240CE-0698-4052-9507-31BD0586BC37}.Debug|Any CPU.ActiveCfg = Debug|Any CPU
		{E9C240CE-0698-4052-9507-31BD0586BC37}.Debug|Any CPU.Build.0 = Debug|Any CPU
		{E9C240CE-0698-4052-9507-31BD0586BC37}.Release|Any CPU.ActiveCfg = Release|Any CPU
		{E9C240CE-0698-4052-9507-31BD0586BC37}.Release|Any CPU.Build.0 = Release|Any CPU
		{3B7315A5-D763-41FD-92E5-4A1CDC44780A}.Debug|Any CPU.ActiveCfg = Debug|Any CPU
		{3B7315A5-D763-41FD-92E5-4A1CDC44780A}.Debug|Any CPU.Build.0 = Debug|Any CPU
		{3B7315A5-D763-41FD-92E5-4A1CDC44780A}.Release|Any CPU.ActiveCfg = Release|Any CPU
		{3B7315A5-D763-41FD-92E5-4A1CDC44780A}.Release|Any CPU.Build.0 = Release|Any CPU
	EndGlobalSection
EndGlobal
