
Microsoft Visual Studio Solution File, Format Version 12.00
Project("{FAE04EC0-301F-11D3-BF4B-00C04F79EFBC}") = "TKOfficial", "TKOfficial\TKOfficial.csproj", "{37CDE889-25E5-4E82-863B-700458C41FA3}"
EndProject
Project("{FAE04EC0-301F-11D3-BF4B-00C04F79EFBC}") = "RplaceServer", "RplaceServer\RplaceServer.csproj", "{5A0FA12A-D834-49CF-8338-53A082858508}"
EndProject
Project("{FAE04EC0-301F-11D3-BF4B-00C04F79EFBC}") = "TKOfficialGUI", "TKOfficialGUI\TKOfficialGUI.csproj", "{B73D026A-8570-48CE-A871-B00A8DA5E453}"
EndProject
Project("{FAE04EC0-301F-11D3-BF4B-00C04F79EFBC}") = "WatsonWebsocket", "WatsonWebsocketPlus\src\WatsonWebsocket\WatsonWebsocket.csproj", "{36967963-2B16-47C2-B825-BB77EB055547}"
EndProject
Global
	GlobalSection(SolutionConfigurationPlatforms) = preSolution
		Debug|Any CPU = Debug|Any CPU
		Release|Any CPU = Release|Any CPU
	EndGlobalSection
	GlobalSection(ProjectConfigurationPlatforms) = postSolution
		{37CDE889-25E5-4E82-863B-700458C41FA3}.Debug|Any CPU.ActiveCfg = Debug|Any CPU
		{37CDE889-25E5-4E82-863B-700458C41FA3}.Debug|Any CPU.Build.0 = Debug|Any CPU
		{37CDE889-25E5-4E82-863B-700458C41FA3}.Release|Any CPU.ActiveCfg = Release|Any CPU
		{37CDE889-25E5-4E82-863B-700458C41FA3}.Release|Any CPU.Build.0 = Release|Any CPU
		{5A0FA12A-D834-49CF-8338-53A082858508}.Debug|Any CPU.ActiveCfg = Debug|Any CPU
		{5A0FA12A-D834-49CF-8338-53A082858508}.Debug|Any CPU.Build.0 = Debug|Any CPU
		{5A0FA12A-D834-49CF-8338-53A082858508}.Release|Any CPU.ActiveCfg = Release|Any CPU
		{5A0FA12A-D834-49CF-8338-53A082858508}.Release|Any CPU.Build.0 = Release|Any CPU
		{B73D026A-8570-48CE-A871-B00A8DA5E453}.Debug|Any CPU.ActiveCfg = Debug|Any CPU
		{B73D026A-8570-48CE-A871-B00A8DA5E453}.Debug|Any CPU.Build.0 = Debug|Any CPU
		{B73D026A-8570-48CE-A871-B00A8DA5E453}.Release|Any CPU.ActiveCfg = Release|Any CPU
		{B73D026A-8570-48CE-A871-B00A8DA5E453}.Release|Any CPU.Build.0 = Release|Any CPU
		{36967963-2B16-47C2-B825-BB77EB055547}.Debug|Any CPU.ActiveCfg = Debug|Any CPU
		{36967963-2B16-47C2-B825-BB77EB055547}.Debug|Any CPU.Build.0 = Debug|Any CPU
		{36967963-2B16-47C2-B825-BB77EB055547}.Release|Any CPU.ActiveCfg = Release|Any CPU
		{36967963-2B16-47C2-B825-BB77EB055547}.Release|Any CPU.Build.0 = Release|Any CPU
	EndGlobalSection
EndGlobal
